
Microsoft Visual Studio Solution File, Format Version 12.00
# Visual Studio Version 17
VisualStudioVersion = 17.5.002.0
MinimumVisualStudioVersion = 10.0.40219.1
Project("{9A19103F-16F7-4668-BE54-9A1E7A4F7556}") = "C#_THSo9", "C#_THSo9.csproj", "{3D544014-669E-4C3A-A756-E5FDFAD83DFA}"
EndProject
Global
	GlobalSection(SolutionConfigurationPlatforms) = preSolution
		Debug|Any CPU = Debug|Any CPU
		Release|Any CPU = Release|Any CPU
	EndGlobalSection
	GlobalSection(ProjectConfigurationPlatforms) = postSolution
		{3D544014-669E-4C3A-A756-E5FDFAD83DFA}.Debug|Any CPU.ActiveCfg = Debug|Any CPU
		{3D544014-669E-4C3A-A756-E5FDFAD83DFA}.Debug|Any CPU.Build.0 = Debug|Any CPU
		{3D544014-669E-4C3A-A756-E5FDFAD83DFA}.Release|Any CPU.ActiveCfg = Release|Any CPU
		{3D544014-669E-4C3A-A756-E5FDFAD83DFA}.Release|Any CPU.Build.0 = Release|Any CPU
	EndGlobalSection
	GlobalSection(SolutionProperties) = preSolution
		HideSolutionNode = FALSE
	EndGlobalSection
	GlobalSection(ExtensibilityGlobals) = postSolution
		SolutionGuid = {6FA328D1-88EA-48B1-8EE8-B98F7DAF182A}
	EndGlobalSection
EndGlobal
